schema: '2.0'
stages:
  preprocess:
    cmd: python3 src/preprocess.py
    deps:
    - path: data/
      md5: c6d21c69fb53a2967c104eff79b855dd.dir
      size: 969639
      nfiles: 1
    - path: src/preprocess.py
      md5: 46acb1656f297641e6c4233582a00218
      size: 1718
    params:
      params.yaml:
        preprocess.input: data/train.csv
        preprocess.output: feature/preprocess
    outs:
    - path: feature/preprocess
      md5: afa9a4fd3d2ea147cfd7e83ad561d4be.dir
      size: 754598
      nfiles: 1
  split:
    cmd: python3 src/split.py
    deps:
    - path: feature/preprocess
      md5: afa9a4fd3d2ea147cfd7e83ad561d4be.dir
      size: 754598
      nfiles: 1
    - path: src/split.py
      md5: 3d95e52d089ade88e72b974f2829cb9d
      size: 958
    params:
      params.yaml:
        split.csv_path: feature/preprocess/preprocessed.csv
        split.n_splits: 5
        split.test_path: split/test
        split.train_path: split/train
    outs:
    - path: split/test
      md5: 598bf3387cdefadfd058644b2c77c2dd.dir
      size: 149123
      nfiles: 1
    - path: split/train
      md5: e2cec17c151195e8d9e6549cbe359e5f.dir
      size: 605640
      nfiles: 1
