schema: '2.0'
stages:
  preprocess:
    cmd: python3 src/preprocess.py
    deps:
    - path: data/
      md5: c6d21c69fb53a2967c104eff79b855dd.dir
      size: 969639
      nfiles: 1
    - path: src/preprocess.py
      md5: 46acb1656f297641e6c4233582a00218
      size: 1718
    params:
      params.yaml:
        preprocess.input: data/train.csv
        preprocess.output: feature/preprocess
    outs:
    - path: feature/preprocess
      md5: afa9a4fd3d2ea147cfd7e83ad561d4be.dir
      size: 754598
      nfiles: 1
  split:
    cmd: python3 src/split.py
    deps:
    - path: feature/preprocess
      md5: afa9a4fd3d2ea147cfd7e83ad561d4be.dir
      size: 754598
      nfiles: 1
    - path: src/split.py
      md5: 3d95e52d089ade88e72b974f2829cb9d
      size: 958
    params:
      params.yaml:
        split.csv_path: feature/preprocess/preprocessed.csv
        split.n_splits: 5
        split.test_path: split/test
        split.train_path: split/train
    outs:
    - path: split/test
      md5: 598bf3387cdefadfd058644b2c77c2dd.dir
      size: 149123
      nfiles: 1
    - path: split/train
      md5: e2cec17c151195e8d9e6549cbe359e5f.dir
      size: 605640
      nfiles: 1
  train:
    cmd: python3 src/trainning.py
    deps:
    - path: split/train
      md5: e2cec17c151195e8d9e6549cbe359e5f.dir
      size: 605640
      nfiles: 1
    - path: src/trainning.py
      md5: 68cc058fcaf4b1da223c11ec02b93d0e
      size: 1911
    params:
      params.yaml:
        train.bootstrap: 'True'
        train.criterion: entropy
        train.cv: 5
        train.max_depth: 10
        train.min_samples_leaf: 10
        train.min_samples_split: 50
        train.model_path: model
        train.n_estimators: 150
        train.random_state: 42
        train.train_csv: split/train/train_split.csv
    outs:
    - path: model/
      md5: aacbcc45cb48111779cdaacc220e7e47.dir
      size: 1547357
      nfiles: 1
  eval:
    cmd: python3 src/eval.py
    deps:
    - path: model/model.pkl
      md5: ce7a5efd7d26d8debcd5c32c8cc07f01
      size: 1547357
    - path: split/test/eval.csv
      md5: 7f770a671d485a69b2d0522fcbbbf4b7
      size: 149123
    - path: src/eval.py
      md5: 62d66c37ef38915aa37c3a22b8717e19
      size: 1292
    params:
      params.yaml:
        eval.eval_csv: split/test/eval.csv
        eval.model_path: model/model.pkl
        eval.score: metrics/
    outs:
    - path: metrics/
      md5: 506b6d801e31ed44b667f219d4fcdf73.dir
      size: 19843
      nfiles: 2
